
Microsoft Visual Studio Solution File, Format Version 12.00
# Visual Studio 15
VisualStudioVersion = 15.0.28010.2041
MinimumVisualStudioVersion = 10.0.40219.1
Project("{F2A71F9B-5D33-465A-A702-920D77279786}") = "2.1", "2.1\2.1.fsproj", "{7E4CBCE9-AE7B-469C-A1E9-67BBE41F6C68}"
EndProject
Global
	GlobalSection(SolutionConfigurationPlatforms) = preSolution
		Debug|Any CPU = Debug|Any CPU
		Release|Any CPU = Release|Any CPU
	EndGlobalSection
	GlobalSection(ProjectConfigurationPlatforms) = postSolution
		{7E4CBCE9-AE7B-469C-A1E9-67BBE41F6C68}.Debug|Any CPU.ActiveCfg = Debug|Any CPU
		{7E4CBCE9-AE7B-469C-A1E9-67BBE41F6C68}.Debug|Any CPU.Build.0 = Debug|Any CPU
		{7E4CBCE9-AE7B-469C-A1E9-67BBE41F6C68}.Release|Any CPU.ActiveCfg = Release|Any CPU
		{7E4CBCE9-AE7B-469C-A1E9-67BBE41F6C68}.Release|Any CPU.Build.0 = Release|Any CPU
	EndGlobalSection
	GlobalSection(SolutionProperties) = preSolution
		HideSolutionNode = FALSE
	EndGlobalSection
	GlobalSection(ExtensibilityGlobals) = postSolution
		SolutionGuid = {33B94F7A-6558-4578-BA5C-68AC68FD8ED8}
	EndGlobalSection
EndGlobal
