
Microsoft Visual Studio Solution File, Format Version 12.00
# Visual Studio 15
VisualStudioVersion = 15.0.28010.2041
MinimumVisualStudioVersion = 10.0.40219.1
Project("{F2A71F9B-5D33-465A-A702-920D77279786}") = "3.4", "3.4\3.4.fsproj", "{C503EF6A-6296-491A-A18B-D5DE78FDED0B}"
EndProject
Project("{F2A71F9B-5D33-465A-A702-920D77279786}") = "3.4Tests", "..\3.4Tests\3.4Tests.fsproj", "{B33612EA-31F9-47D0-BD7D-762AB641C3CB}"
EndProject
Global
	GlobalSection(SolutionConfigurationPlatforms) = preSolution
		Debug|Any CPU = Debug|Any CPU
		Release|Any CPU = Release|Any CPU
	EndGlobalSection
	GlobalSection(ProjectConfigurationPlatforms) = postSolution
		{C503EF6A-6296-491A-A18B-D5DE78FDED0B}.Debug|Any CPU.ActiveCfg = Debug|Any CPU
		{C503EF6A-6296-491A-A18B-D5DE78FDED0B}.Debug|Any CPU.Build.0 = Debug|Any CPU
		{C503EF6A-6296-491A-A18B-D5DE78FDED0B}.Release|Any CPU.ActiveCfg = Release|Any CPU
		{C503EF6A-6296-491A-A18B-D5DE78FDED0B}.Release|Any CPU.Build.0 = Release|Any CPU
		{B33612EA-31F9-47D0-BD7D-762AB641C3CB}.Debug|Any CPU.ActiveCfg = Debug|Any CPU
		{B33612EA-31F9-47D0-BD7D-762AB641C3CB}.Debug|Any CPU.Build.0 = Debug|Any CPU
		{B33612EA-31F9-47D0-BD7D-762AB641C3CB}.Release|Any CPU.ActiveCfg = Release|Any CPU
		{B33612EA-31F9-47D0-BD7D-762AB641C3CB}.Release|Any CPU.Build.0 = Release|Any CPU
	EndGlobalSection
	GlobalSection(SolutionProperties) = preSolution
		HideSolutionNode = FALSE
	EndGlobalSection
	GlobalSection(ExtensibilityGlobals) = postSolution
		SolutionGuid = {D3517982-AC98-42B4-9EC6-409911867C51}
	EndGlobalSection
EndGlobal
