
Microsoft Visual Studio Solution File, Format Version 12.00
# Visual Studio 15
VisualStudioVersion = 15.0.28010.2041
MinimumVisualStudioVersion = 10.0.40219.1
Project("{6EC3EE1D-3C4E-46DD-8F32-0CC8E7565705}") = "1.3", "3 Список\1.3.fsproj", "{9C93E123-BC21-4BF2-8070-5AF9C071448B}"
EndProject
Project("{F2A71F9B-5D33-465A-A702-920D77279786}") = "1.3Tests", "ConsoleApp1\1.3Tests.fsproj", "{A167AAE6-EFBC-487A-BACA-CA1DE6C8D06E}"
EndProject
Global
	GlobalSection(SolutionConfigurationPlatforms) = preSolution
		Debug|Any CPU = Debug|Any CPU
		Release|Any CPU = Release|Any CPU
	EndGlobalSection
	GlobalSection(ProjectConfigurationPlatforms) = postSolution
		{9C93E123-BC21-4BF2-8070-5AF9C071448B}.Debug|Any CPU.ActiveCfg = Debug|Any CPU
		{9C93E123-BC21-4BF2-8070-5AF9C071448B}.Debug|Any CPU.Build.0 = Debug|Any CPU
		{9C93E123-BC21-4BF2-8070-5AF9C071448B}.Release|Any CPU.ActiveCfg = Release|Any CPU
		{9C93E123-BC21-4BF2-8070-5AF9C071448B}.Release|Any CPU.Build.0 = Release|Any CPU
		{A167AAE6-EFBC-487A-BACA-CA1DE6C8D06E}.Debug|Any CPU.ActiveCfg = Debug|Any CPU
		{A167AAE6-EFBC-487A-BACA-CA1DE6C8D06E}.Debug|Any CPU.Build.0 = Debug|Any CPU
		{A167AAE6-EFBC-487A-BACA-CA1DE6C8D06E}.Release|Any CPU.ActiveCfg = Release|Any CPU
		{A167AAE6-EFBC-487A-BACA-CA1DE6C8D06E}.Release|Any CPU.Build.0 = Release|Any CPU
	EndGlobalSection
	GlobalSection(SolutionProperties) = preSolution
		HideSolutionNode = FALSE
	EndGlobalSection
	GlobalSection(ExtensibilityGlobals) = postSolution
		SolutionGuid = {E592565F-4207-46E9-88AD-FB4877DD29F7}
	EndGlobalSection
EndGlobal
