
Microsoft Visual Studio Solution File, Format Version 12.00
# Visual Studio 15
VisualStudioVersion = 15.0.28010.2041
MinimumVisualStudioVersion = 10.0.40219.1
Project("{F2A71F9B-5D33-465A-A702-920D77279786}") = "2.1", "2.1\2.1.fsproj", "{8E1CA844-5F29-41B0-8873-32D4DD403065}"
EndProject
Project("{F2A71F9B-5D33-465A-A702-920D77279786}") = "2.1.Tests", "2.1.Tests\2.1.Tests.fsproj", "{EFE3CCCF-60D5-47F4-8283-C412F9A8E72D}"
EndProject
Global
	GlobalSection(SolutionConfigurationPlatforms) = preSolution
		Debug|Any CPU = Debug|Any CPU
		Release|Any CPU = Release|Any CPU
	EndGlobalSection
	GlobalSection(ProjectConfigurationPlatforms) = postSolution
		{8E1CA844-5F29-41B0-8873-32D4DD403065}.Debug|Any CPU.ActiveCfg = Debug|Any CPU
		{8E1CA844-5F29-41B0-8873-32D4DD403065}.Debug|Any CPU.Build.0 = Debug|Any CPU
		{8E1CA844-5F29-41B0-8873-32D4DD403065}.Release|Any CPU.ActiveCfg = Release|Any CPU
		{8E1CA844-5F29-41B0-8873-32D4DD403065}.Release|Any CPU.Build.0 = Release|Any CPU
		{EFE3CCCF-60D5-47F4-8283-C412F9A8E72D}.Debug|Any CPU.ActiveCfg = Debug|Any CPU
		{EFE3CCCF-60D5-47F4-8283-C412F9A8E72D}.Debug|Any CPU.Build.0 = Debug|Any CPU
		{EFE3CCCF-60D5-47F4-8283-C412F9A8E72D}.Release|Any CPU.ActiveCfg = Release|Any CPU
		{EFE3CCCF-60D5-47F4-8283-C412F9A8E72D}.Release|Any CPU.Build.0 = Release|Any CPU
	EndGlobalSection
	GlobalSection(SolutionProperties) = preSolution
		HideSolutionNode = FALSE
	EndGlobalSection
	GlobalSection(ExtensibilityGlobals) = postSolution
		SolutionGuid = {B3E68FF5-E4FD-4C4E-8F7B-CC1B37CFD137}
	EndGlobalSection
EndGlobal
