
Microsoft Visual Studio Solution File, Format Version 12.00
# Visual Studio 15
VisualStudioVersion = 15.0.28307.572
MinimumVisualStudioVersion = 10.0.40219.1
Project("{F2A71F9B-5D33-465A-A702-920D77279786}") = "8.1", "8.1\8.1.fsproj", "{B6548F73-5D9B-4585-ADFD-CD3FAD0D4953}"
EndProject
Project("{F2A71F9B-5D33-465A-A702-920D77279786}") = "8.1.Tests", "8.1.Tests\8.1.Tests.fsproj", "{B9814789-804F-4F70-B495-93C433109A01}"
EndProject
Global
	GlobalSection(SolutionConfigurationPlatforms) = preSolution
		Debug|Any CPU = Debug|Any CPU
		Release|Any CPU = Release|Any CPU
	EndGlobalSection
	GlobalSection(ProjectConfigurationPlatforms) = postSolution
		{B6548F73-5D9B-4585-ADFD-CD3FAD0D4953}.Debug|Any CPU.ActiveCfg = Debug|Any CPU
		{B6548F73-5D9B-4585-ADFD-CD3FAD0D4953}.Debug|Any CPU.Build.0 = Debug|Any CPU
		{B6548F73-5D9B-4585-ADFD-CD3FAD0D4953}.Release|Any CPU.ActiveCfg = Release|Any CPU
		{B6548F73-5D9B-4585-ADFD-CD3FAD0D4953}.Release|Any CPU.Build.0 = Release|Any CPU
		{B9814789-804F-4F70-B495-93C433109A01}.Debug|Any CPU.ActiveCfg = Debug|Any CPU
		{B9814789-804F-4F70-B495-93C433109A01}.Debug|Any CPU.Build.0 = Debug|Any CPU
		{B9814789-804F-4F70-B495-93C433109A01}.Release|Any CPU.ActiveCfg = Release|Any CPU
		{B9814789-804F-4F70-B495-93C433109A01}.Release|Any CPU.Build.0 = Release|Any CPU
	EndGlobalSection
	GlobalSection(SolutionProperties) = preSolution
		HideSolutionNode = FALSE
	EndGlobalSection
	GlobalSection(ExtensibilityGlobals) = postSolution
		SolutionGuid = {0E7871CC-DBB3-4C8A-9FEC-543A7C989362}
	EndGlobalSection
EndGlobal
