
Microsoft Visual Studio Solution File, Format Version 12.00
# Visual Studio 15
VisualStudioVersion = 15.0.28307.572
MinimumVisualStudioVersion = 10.0.40219.1
Project("{F2A71F9B-5D33-465A-A702-920D77279786}") = "rewritingWork_2", "rewritingWork_2\rewritingWork_2.fsproj", "{902C811D-A982-4E35-B583-029297415C2B}"
EndProject
Project("{F2A71F9B-5D33-465A-A702-920D77279786}") = "rewritingWork_2.Tests", "..\rewritingWork_2.Tests\rewritingWork_2.Tests.fsproj", "{4072269F-6CC8-403D-82E6-F91E81EB149A}"
EndProject
Global
	GlobalSection(SolutionConfigurationPlatforms) = preSolution
		Debug|Any CPU = Debug|Any CPU
		Release|Any CPU = Release|Any CPU
	EndGlobalSection
	GlobalSection(ProjectConfigurationPlatforms) = postSolution
		{902C811D-A982-4E35-B583-029297415C2B}.Debug|Any CPU.ActiveCfg = Debug|Any CPU
		{902C811D-A982-4E35-B583-029297415C2B}.Debug|Any CPU.Build.0 = Debug|Any CPU
		{902C811D-A982-4E35-B583-029297415C2B}.Release|Any CPU.ActiveCfg = Release|Any CPU
		{902C811D-A982-4E35-B583-029297415C2B}.Release|Any CPU.Build.0 = Release|Any CPU
		{4072269F-6CC8-403D-82E6-F91E81EB149A}.Debug|Any CPU.ActiveCfg = Debug|Any CPU
		{4072269F-6CC8-403D-82E6-F91E81EB149A}.Debug|Any CPU.Build.0 = Debug|Any CPU
		{4072269F-6CC8-403D-82E6-F91E81EB149A}.Release|Any CPU.ActiveCfg = Release|Any CPU
		{4072269F-6CC8-403D-82E6-F91E81EB149A}.Release|Any CPU.Build.0 = Release|Any CPU
	EndGlobalSection
	GlobalSection(SolutionProperties) = preSolution
		HideSolutionNode = FALSE
	EndGlobalSection
	GlobalSection(ExtensibilityGlobals) = postSolution
		SolutionGuid = {5CA9680D-FDE3-418E-A4CB-4D0E786C4F06}
	EndGlobalSection
EndGlobal
